
Microsoft Visual Studio Solution File, Format Version 12.00
# Visual Studio 15
VisualStudioVersion = 15.0.28307.539
MinimumVisualStudioVersion = 10.0.40219.1
Project("{FAE04EC0-301F-11D3-BF4B-00C04F79EFBC}") = "TaskManager", "TaskManager\TaskManager.csproj", "{63CC6CBD-94F3-4297-8D66-F16F2FF09491}"
EndProject
Project("{FAE04EC0-301F-11D3-BF4B-00C04F79EFBC}") = "TaskManager.Models1", "TaskManager.Models1\TaskManager.Models1.csproj", "{3F26E277-EADA-4780-A3E6-39995DCF5D58}"
EndProject
Global
	GlobalSection(SolutionConfigurationPlatforms) = preSolution
		Debug|Any CPU = Debug|Any CPU
		Release|Any CPU = Release|Any CPU
	EndGlobalSection
	GlobalSection(ProjectConfigurationPlatforms) = postSolution
		{63CC6CBD-94F3-4297-8D66-F16F2FF09491}.Debug|Any CPU.ActiveCfg = Debug|Any CPU
		{63CC6CBD-94F3-4297-8D66-F16F2FF09491}.Debug|Any CPU.Build.0 = Debug|Any CPU
		{63CC6CBD-94F3-4297-8D66-F16F2FF09491}.Release|Any CPU.ActiveCfg = Release|Any CPU
		{63CC6CBD-94F3-4297-8D66-F16F2FF09491}.Release|Any CPU.Build.0 = Release|Any CPU
		{3F26E277-EADA-4780-A3E6-39995DCF5D58}.Debug|Any CPU.ActiveCfg = Debug|Any CPU
		{3F26E277-EADA-4780-A3E6-39995DCF5D58}.Debug|Any CPU.Build.0 = Debug|Any CPU
		{3F26E277-EADA-4780-A3E6-39995DCF5D58}.Release|Any CPU.ActiveCfg = Release|Any CPU
		{3F26E277-EADA-4780-A3E6-39995DCF5D58}.Release|Any CPU.Build.0 = Release|Any CPU
	EndGlobalSection
	GlobalSection(SolutionProperties) = preSolution
		HideSolutionNode = FALSE
	EndGlobalSection
	GlobalSection(ExtensibilityGlobals) = postSolution
		SolutionGuid = {1465BD05-7A31-42F1-8B87-7F3ECCA68335}
	EndGlobalSection
EndGlobal
